// !$*UTF8*$!
{
	archiveVersion = 1;
	classes = {
	};
	objectVersion = 50;
	objects = {

/* Begin PBXBuildFile section */
		CC7254372582F2890092C117 /* CardCollectionViewCell.swift in Sources */ = {isa = PBXBuildFile; fileRef = CC7254362582F2890092C117 /* CardCollectionViewCell.swift */; };
		CC758FC02582EA5A00543C77 /* AppDelegate.swift in Sources */ = {isa = PBXBuildFile; fileRef = CC758FBF2582EA5A00543C77 /* AppDelegate.swift */; };
		CC758FC22582EA5A00543C77 /* SceneDelegate.swift in Sources */ = {isa = PBXBuildFile; fileRef = CC758FC12582EA5A00543C77 /* SceneDelegate.swift */; };
		CC758FC42582EA5A00543C77 /* ViewController.swift in Sources */ = {isa = PBXBuildFile; fileRef = CC758FC32582EA5A00543C77 /* ViewController.swift */; };
		CC758FC72582EA5A00543C77 /* Main.storyboard in Resources */ = {isa = PBXBuildFile; fileRef = CC758FC52582EA5A00543C77 /* Main.storyboard */; };
		CC758FC92582EA5A00543C77 /* Assets.xcassets in Resources */ = {isa = PBXBuildFile; fileRef = CC758FC82582EA5A00543C77 /* Assets.xcassets */; };
		CC758FCC2582EA5A00543C77 /* LaunchScreen.storyboard in Resources */ = {isa = PBXBuildFile; fileRef = CC758FCA2582EA5A00543C77 /* LaunchScreen.storyboard */; };
		CC758FD62582ED1400543C77 /* CardModel.swift in Sources */ = {isa = PBXBuildFile; fileRef = CC758FD52582ED1400543C77 /* CardModel.swift */; };
		CC758FD92582EE3200543C77 /* Card.swift in Sources */ = {isa = PBXBuildFile; fileRef = CC758FD82582EE3200543C77 /* Card.swift */; };
/* End PBXBuildFile section */

/* Begin PBXFileReference section */
		CC7254362582F2890092C117 /* CardCollectionViewCell.swift */ = {isa = PBXFileReference; lastKnownFileType = sourcecode.swift; path = CardCollectionViewCell.swift; sourceTree = "<group>"; };
		CC758FBC2582EA5A00543C77 /* Match game.app */ = {isa = PBXFileReference; explicitFileType = wrapper.application; includeInIndex = 0; path = "Match game.app"; sourceTree = BUILT_PRODUCTS_DIR; };
		CC758FBF2582EA5A00543C77 /* AppDelegate.swift */ = {isa = PBXFileReference; lastKnownFileType = sourcecode.swift; path = AppDelegate.swift; sourceTree = "<group>"; };
		CC758FC12582EA5A00543C77 /* SceneDelegate.swift */ = {isa = PBXFileReference; lastKnownFileType = sourcecode.swift; path = SceneDelegate.swift; sourceTree = "<group>"; };
		CC758FC32582EA5A00543C77 /* ViewController.swift */ = {isa = PBXFileReference; lastKnownFileType = sourcecode.swift; path = ViewController.swift; sourceTree = "<group>"; };
		CC758FC62582EA5A00543C77 /* Base */ = {isa = PBXFileReference; lastKnownFileType = file.storyboard; name = Base; path = Base.lproj/Main.storyboard; sourceTree = "<group>"; };
		CC758FC82582EA5A00543C77 /* Assets.xcassets */ = {isa = PBXFileReference; lastKnownFileType = folder.assetcatalog; path = Assets.xcassets; sourceTree = "<group>"; };
		CC758FCB2582EA5A00543C77 /* Base */ = {isa = PBXFileReference; lastKnownFileType = file.storyboard; name = Base; path = Base.lproj/LaunchScreen.storyboard; sourceTree = "<group>"; };
		CC758FCD2582EA5A00543C77 /* Info.plist */ = {isa = PBXFileReference; lastKnownFileType = text.plist.xml; path = Info.plist; sourceTree = "<group>"; };
		CC758FD52582ED1400543C77 /* CardModel.swift */ = {isa = PBXFileReference; lastKnownFileType = sourcecode.swift; path = CardModel.swift; sourceTree = "<group>"; };
		CC758FD82582EE3200543C77 /* Card.swift */ = {isa = PBXFileReference; lastKnownFileType = sourcecode.swift; path = Card.swift; sourceTree = "<group>"; };
/* End PBXFileReference section */

/* Begin PBXFrameworksBuildPhase section */
		CC758FB92582EA5A00543C77 /* Frameworks */ = {
			isa = PBXFrameworksBuildPhase;
			buildActionMask = 2147483647;
			files = (
			);
			runOnlyForDeploymentPostprocessing = 0;
		};
/* End PBXFrameworksBuildPhase section */

/* Begin PBXGroup section */
		CC758FB32582EA5A00543C77 = {
			isa = PBXGroup;
			children = (
				CC758FBE2582EA5A00543C77 /* Match game */,
				CC758FBD2582EA5A00543C77 /* Products */,
			);
			sourceTree = "<group>";
		};
		CC758FBD2582EA5A00543C77 /* Products */ = {
			isa = PBXGroup;
			children = (
				CC758FBC2582EA5A00543C77 /* Match game.app */,
			);
			name = Products;
			sourceTree = "<group>";
		};
		CC758FBE2582EA5A00543C77 /* Match game */ = {
			isa = PBXGroup;
			children = (
				CC758FBF2582EA5A00543C77 /* AppDelegate.swift */,
				CC758FC12582EA5A00543C77 /* SceneDelegate.swift */,
				CC758FC32582EA5A00543C77 /* ViewController.swift */,
				CC758FD52582ED1400543C77 /* CardModel.swift */,
				CC758FD82582EE3200543C77 /* Card.swift */,
				CC7254362582F2890092C117 /* CardCollectionViewCell.swift */,
				CC758FC52582EA5A00543C77 /* Main.storyboard */,
				CC758FC82582EA5A00543C77 /* Assets.xcassets */,
				CC758FCA2582EA5A00543C77 /* LaunchScreen.storyboard */,
				CC758FCD2582EA5A00543C77 /* Info.plist */,
			);
			path = "Match game";
			sourceTree = "<group>";
		};
/* End PBXGroup section */

/* Begin PBXNativeTarget section */
		CC758FBB2582EA5A00543C77 /* Match game */ = {
			isa = PBXNativeTarget;
			buildConfigurationList = CC758FD02582EA5A00543C77 /* Build configuration list for PBXNativeTarget "Match game" */;
			buildPhases = (
				CC758FB82582EA5A00543C77 /* Sources */,
				CC758FB92582EA5A00543C77 /* Frameworks */,
				CC758FBA2582EA5A00543C77 /* Resources */,
			);
			buildRules = (
			);
			dependencies = (
			);
			name = "Match game";
			productName = "Match game";
			productReference = CC758FBC2582EA5A00543C77 /* Match game.app */;
			productType = "com.apple.product-type.application";
		};
/* End PBXNativeTarget section */

/* Begin PBXProject section */
		CC758FB42582EA5A00543C77 /* Project object */ = {
			isa = PBXProject;
			attributes = {
				LastSwiftUpdateCheck = 1210;
				LastUpgradeCheck = 1210;
				TargetAttributes = {
					CC758FBB2582EA5A00543C77 = {
						CreatedOnToolsVersion = 12.1;
					};
				};
			};
			buildConfigurationList = CC758FB72582EA5A00543C77 /* Build configuration list for PBXProject "Match game" */;
			compatibilityVersion = "Xcode 9.3";
			developmentRegion = en;
			hasScannedForEncodings = 0;
			knownRegions = (
				en,
				Base,
			);
			mainGroup = CC758FB32582EA5A00543C77;
			productRefGroup = CC758FBD2582EA5A00543C77 /* Products */;
			projectDirPath = "";
			projectRoot = "";
			targets = (
				CC758FBB2582EA5A00543C77 /* Match game */,
			);
		};
/* End PBXProject section */

/* Begin PBXResourcesBuildPhase section */
		CC758FBA2582EA5A00543C77 /* Resources */ = {
			isa = PBXResourcesBuildPhase;
			buildActionMask = 2147483647;
			files = (
				CC758FCC2582EA5A00543C77 /* LaunchScreen.storyboard in Resources */,
				CC758FC92582EA5A00543C77 /* Assets.xcassets in Resources */,
				CC758FC72582EA5A00543C77 /* Main.storyboard in Resources */,
			);
			runOnlyForDeploymentPostprocessing = 0;
		};
/* End PBXResourcesBuildPhase section */

/* Begin PBXSourcesBuildPhase section */
		CC758FB82582EA5A00543C77 /* Sources */ = {
			isa = PBXSourcesBuildPhase;
			buildActionMask = 2147483647;
			files = (
				CC758FC42582EA5A00543C77 /* ViewController.swift in Sources */,
				CC758FD62582ED1400543C77 /* CardModel.swift in Sources */,
				CC758FD92582EE3200543C77 /* Card.swift in Sources */,
				CC758FC02582EA5A00543C77 /* AppDelegate.swift in Sources */,
				CC7254372582F2890092C117 /* CardCollectionViewCell.swift in Sources */,
				CC758FC22582EA5A00543C77 /* SceneDelegate.swift in Sources */,
			);
			runOnlyForDeploymentPostprocessing = 0;
		};
/* End PBXSourcesBuildPhase section */

/* Begin PBXVariantGroup section */
		CC758FC52582EA5A00543C77 /* Main.storyboard */ = {
			isa = PBXVariantGroup;
			children = (
				CC758FC62582EA5A00543C77 /* Base */,
			);
			name = Main.storyboard;
			sourceTree = "<group>";
		};
		CC758FCA2582EA5A00543C77 /* LaunchScreen.storyboard */ = {
			isa = PBXVariantGroup;
			children = (
				CC758FCB2582EA5A00543C77 /* Base */,
			);
			name = LaunchScreen.storyboard;
			sourceTree = "<group>";
		};
/* End PBXVariantGroup section */

/* Begin XCBuildConfiguration section */
		CC758FCE2582EA5A00543C77 /* Debug */ = {
			isa = XCBuildConfiguration;
			buildSettings = {
				ALWAYS_SEARCH_USER_PATHS = NO;
				CLANG_ANALYZER_NONNULL = YES;
				CLANG_ANALYZER_NUMBER_OBJECT_CONVERSION = YES_AGGRESSIVE;
				CLANG_CXX_LANGUAGE_STANDARD = "gnu++14";
				CLANG_CXX_LIBRARY = "libc++";
				CLANG_ENABLE_MODULES = YES;
				CLANG_ENABLE_OBJC_ARC = YES;
				CLANG_ENABLE_OBJC_WEAK = YES;
				CLANG_WARN_BLOCK_CAPTURE_AUTORELEASING = YES;
				CLANG_WARN_BOOL_CONVERSION = YES;
				CLANG_WARN_COMMA = YES;
				CLANG_WARN_CONSTANT_CONVERSION = YES;
				CLANG_WARN_DEPRECATED_OBJC_IMPLEMENTATIONS = YES;
				CLANG_WARN_DIRECT_OBJC_ISA_USAGE = YES_ERROR;
				CLANG_WARN_DOCUMENTATION_COMMENTS = YES;
				CLANG_WARN_EMPTY_BODY = YES;
				CLANG_WARN_ENUM_CONVERSION = YES;
				CLANG_WARN_INFINITE_RECURSION = YES;
				CLANG_WARN_INT_CONVERSION = YES;
				CLANG_WARN_NON_LITERAL_NULL_CONVERSION = YES;
				CLANG_WARN_OBJC_IMPLICIT_RETAIN_SELF = YES;
				CLANG_WARN_OBJC_LITERAL_CONVERSION = YES;
				CLANG_WARN_OBJC_ROOT_CLASS = YES_ERROR;
				CLANG_WARN_QUOTED_INCLUDE_IN_FRAMEWORK_HEADER = YES;
				CLANG_WARN_RANGE_LOOP_ANALYSIS = YES;
				CLANG_WARN_STRICT_PROTOTYPES = YES;
				CLANG_WARN_SUSPICIOUS_MOVE = YES;
				CLANG_WARN_UNGUARDED_AVAILABILITY = YES_AGGRESSIVE;
				CLANG_WARN_UNREACHABLE_CODE = YES;
				CLANG_WARN__DUPLICATE_METHOD_MATCH = YES;
				COPY_PHASE_STRIP = NO;
				DEBUG_INFORMATION_FORMAT = dwarf;
				ENABLE_STRICT_OBJC_MSGSEND = YES;
				ENABLE_TESTABILITY = YES;
				GCC_C_LANGUAGE_STANDARD = gnu11;
				GCC_DYNAMIC_NO_PIC = NO;
				GCC_NO_COMMON_BLOCKS = YES;
				GCC_OPTIMIZATION_LEVEL = 0;
				GCC_PREPROCESSOR_DEFINITIONS = (
					"DEBUG=1",
					"$(inherited)",
				);
				GCC_WARN_64_TO_32_BIT_CONVERSION = YES;
				GCC_WARN_ABOUT_RETURN_TYPE = YES_ERROR;
				GCC_WARN_UNDECLARED_SELECTOR = YES;
				GCC_WARN_UNINITIALIZED_AUTOS = YES_AGGRESSIVE;
				GCC_WARN_UNUSED_FUNCTION = YES;
				GCC_WARN_UNUSED_VARIABLE = YES;
				IPHONEOS_DEPLOYMENT_TARGET = 14.1;
				MTL_ENABLE_DEBUG_INFO = INCLUDE_SOURCE;
				MTL_FAST_MATH = YES;
				ONLY_ACTIVE_ARCH = YES;
				SDKROOT = iphoneos;
				SWIFT_ACTIVE_COMPILATION_CONDITIONS = DEBUG;
				SWIFT_OPTIMIZATION_LEVEL = "-Onone";
			};
			name = Debug;
		};
		CC758FCF2582EA5A00543C77 /* Release */ = {
			isa = XCBuildConfiguration;
			buildSettings = {
				ALWAYS_SEARCH_USER_PATHS = NO;
				CLANG_ANALYZER_NONNULL = YES;
				CLANG_ANALYZER_NUMBER_OBJECT_CONVERSION = YES_AGGRESSIVE;
				CLANG_CXX_LANGUAGE_STANDARD = "gnu++14";
				CLANG_CXX_LIBRARY = "libc++";
				CLANG_ENABLE_MODULES = YES;
				CLANG_ENABLE_OBJC_ARC = YES;
				CLANG_ENABLE_OBJC_WEAK = YES;
				CLANG_WARN_BLOCK_CAPTURE_AUTORELEASING = YES;
				CLANG_WARN_BOOL_CONVERSION = YES;
				CLANG_WARN_COMMA = YES;
				CLANG_WARN_CONSTANT_CONVERSION = YES;
				CLANG_WARN_DEPRECATED_OBJC_IMPLEMENTATIONS = YES;
				CLANG_WARN_DIRECT_OBJC_ISA_USAGE = YES_ERROR;
				CLANG_WARN_DOCUMENTATION_COMMENTS = YES;
				CLANG_WARN_EMPTY_BODY = YES;
				CLANG_WARN_ENUM_CONVERSION = YES;
				CLANG_WARN_INFINITE_RECURSION = YES;
				CLANG_WARN_INT_CONVERSION = YES;
				CLANG_WARN_NON_LITERAL_NULL_CONVERSION = YES;
				CLANG_WARN_OBJC_IMPLICIT_RETAIN_SELF = YES;
				CLANG_WARN_OBJC_LITERAL_CONVERSION = YES;
				CLANG_WARN_OBJC_ROOT_CLASS = YES_ERROR;
				CLANG_WARN_QUOTED_INCLUDE_IN_FRAMEWORK_HEADER = YES;
				CLANG_WARN_RANGE_LOOP_ANALYSIS = YES;
				CLANG_WARN_STRICT_PROTOTYPES = YES;
				CLANG_WARN_SUSPICIOUS_MOVE = YES;
				CLANG_WARN_UNGUARDED_AVAILABILITY = YES_AGGRESSIVE;
				CLANG_WARN_UNREACHABLE_CODE = YES;
				CLANG_WARN__DUPLICATE_METHOD_MATCH = YES;
				COPY_PHASE_STRIP = NO;
				DEBUG_INFORMATION_FORMAT = "dwarf-with-dsym";
				ENABLE_NS_ASSERTIONS = NO;
				ENABLE_STRICT_OBJC_MSGSEND = YES;
				GCC_C_LANGUAGE_STANDARD = gnu11;
				GCC_NO_COMMON_BLOCKS = YES;
				GCC_WARN_64_TO_32_BIT_CONVERSION = YES;
				GCC_WARN_ABOUT_RETURN_TYPE = YES_ERROR;
				GCC_WARN_UNDECLARED_SELECTOR = YES;
				GCC_WARN_UNINITIALIZED_AUTOS = YES_AGGRESSIVE;
				GCC_WARN_UNUSED_FUNCTION = YES;
				GCC_WARN_UNUSED_VARIABLE = YES;
				IPHONEOS_DEPLOYMENT_TARGET = 14.1;
				MTL_ENABLE_DEBUG_INFO = NO;
				MTL_FAST_MATH = YES;
				SDKROOT = iphoneos;
				SWIFT_COMPILATION_MODE = wholemodule;
				SWIFT_OPTIMIZATION_LEVEL = "-O";
				VALIDATE_PRODUCT = YES;
			};
			name = Release;
		};
		CC758FD12582EA5A00543C77 /* Debug */ = {
			isa = XCBuildConfiguration;
			buildSettings = {
				ASSETCATALOG_COMPILER_APPICON_NAME = AppIcon;
				ASSETCATALOG_COMPILER_GLOBAL_ACCENT_COLOR_NAME = AccentColor;
				CODE_SIGN_STYLE = Automatic;
				DEVELOPMENT_TEAM = 62P79X99T7;
				INFOPLIST_FILE = "Match game/Info.plist";
				IPHONEOS_DEPLOYMENT_TARGET = 14.0;
				LD_RUNPATH_SEARCH_PATHS = (
					"$(inherited)",
					"@executable_path/Frameworks",
				);
				PRODUCT_BUNDLE_IDENTIFIER = "VP.Match-game";
				PRODUCT_NAME = "$(TARGET_NAME)";
				SWIFT_VERSION = 5.0;
				TARGETED_DEVICE_FAMILY = 1;
			};
			name = Debug;
		};
		CC758FD22582EA5A00543C77 /* Release */ = {
			isa = XCBuildConfiguration;
			buildSettings = {
				ASSETCATALOG_COMPILER_APPICON_NAME = AppIcon;
				ASSETCATALOG_COMPILER_GLOBAL_ACCENT_COLOR_NAME = AccentColor;
				CODE_SIGN_STYLE = Automatic;
				DEVELOPMENT_TEAM = 62P79X99T7;
				INFOPLIST_FILE = "Match game/Info.plist";
				IPHONEOS_DEPLOYMENT_TARGET = 14.0;
				LD_RUNPATH_SEARCH_PATHS = (
					"$(inherited)",
					"@executable_path/Frameworks",
				);
				PRODUCT_BUNDLE_IDENTIFIER = "VP.Match-game";
				PRODUCT_NAME = "$(TARGET_NAME)";
				SWIFT_VERSION = 5.0;
				TARGETED_DEVICE_FAMILY = 1;
			};
			name = Release;
		};
/* End XCBuildConfiguration section */

/* Begin XCConfigurationList section */
		CC758FB72582EA5A00543C77 /* Build configuration list for PBXProject "Match game" */ = {
			isa = XCConfigurationList;
			buildConfigurations = (
				CC758FCE2582EA5A00543C77 /* Debug */,
				CC758FCF2582EA5A00543C77 /* Release */,
			);
			defaultConfigurationIsVisible = 0;
			defaultConfigurationName = Release;
		};
		CC758FD02582EA5A00543C77 /* Build configuration list for PBXNativeTarget "Match game" */ = {
			isa = XCConfigurationList;
			buildConfigurations = (
				CC758FD12582EA5A00543C77 /* Debug */,
				CC758FD22582EA5A00543C77 /* Release */,
			);
			defaultConfigurationIsVisible = 0;
			defaultConfigurationName = Release;
		};
/* End XCConfigurationList section */
	};
	rootObject = CC758FB42582EA5A00543C77 /* Project object */;
}
